
Microsoft Visual Studio Solution File, Format Version 12.00
# Visual Studio 15
VisualStudioVersion = 15.0.27130.2010
MinimumVisualStudioVersion = 10.0.40219.1
Project("{FAE04EC0-301F-11D3-BF4B-00C04F79EFBC}") = "Mini-max-sum", "Mini-max-sum\Mini-max-sum.csproj", "{6E630E7F-D901-47AB-83DC-02CC9423594A}"
EndProject
Global
	GlobalSection(SolutionConfigurationPlatforms) = preSolution
		Debug|Any CPU = Debug|Any CPU
		Release|Any CPU = Release|Any CPU
	EndGlobalSection
	GlobalSection(ProjectConfigurationPlatforms) = postSolution
		{6E630E7F-D901-47AB-83DC-02CC9423594A}.Debug|Any CPU.ActiveCfg = Debug|Any CPU
		{6E630E7F-D901-47AB-83DC-02CC9423594A}.Debug|Any CPU.Build.0 = Debug|Any CPU
		{6E630E7F-D901-47AB-83DC-02CC9423594A}.Release|Any CPU.ActiveCfg = Release|Any CPU
		{6E630E7F-D901-47AB-83DC-02CC9423594A}.Release|Any CPU.Build.0 = Release|Any CPU
	EndGlobalSection
	GlobalSection(SolutionProperties) = preSolution
		HideSolutionNode = FALSE
	EndGlobalSection
	GlobalSection(ExtensibilityGlobals) = postSolution
		SolutionGuid = {B9369508-8F5B-4047-B00E-712E2920EDD7}
	EndGlobalSection
EndGlobal
